
Microsoft Visual Studio Solution File, Format Version 12.00
# Visual Studio Version 17
VisualStudioVersion = 17.5.33414.496
MinimumVisualStudioVersion = 10.0.40219.1
Project("{FAE04EC0-301F-11D3-BF4B-00C04F79EFBC}") = "ReverseInteger", "ReverseInteger\ReverseInteger.csproj", "{CDFF7B95-4847-4BC1-A793-BD932B17A5A4}"
EndProject
Global
	GlobalSection(SolutionConfigurationPlatforms) = preSolution
		Debug|Any CPU = Debug|Any CPU
		Release|Any CPU = Release|Any CPU
	EndGlobalSection
	GlobalSection(ProjectConfigurationPlatforms) = postSolution
		{CDFF7B95-4847-4BC1-A793-BD932B17A5A4}.Debug|Any CPU.ActiveCfg = Debug|Any CPU
		{CDFF7B95-4847-4BC1-A793-BD932B17A5A4}.Debug|Any CPU.Build.0 = Debug|Any CPU
		{CDFF7B95-4847-4BC1-A793-BD932B17A5A4}.Release|Any CPU.ActiveCfg = Release|Any CPU
		{CDFF7B95-4847-4BC1-A793-BD932B17A5A4}.Release|Any CPU.Build.0 = Release|Any CPU
	EndGlobalSection
	GlobalSection(SolutionProperties) = preSolution
		HideSolutionNode = FALSE
	EndGlobalSection
	GlobalSection(ExtensibilityGlobals) = postSolution
		SolutionGuid = {E84B2AE2-9B87-4F5C-A690-4086C87390C4}
	EndGlobalSection
EndGlobal
